// !$*UTF8*$!
{
	archiveVersion = 1;
	classes = {
	};
	objectVersion = 52;
	objects = {

/* Begin PBXBuildFile section */
		1908C92C266A4F66005E6D55 /* NewBoxItemView.swift in Sources */ = {isa = PBXBuildFile; fileRef = 1908C92B266A4F66005E6D55 /* NewBoxItemView.swift */; };
		1908C92E266A5068005E6D55 /* NewBoxItemViewController.swift in Sources */ = {isa = PBXBuildFile; fileRef = 1908C92D266A5068005E6D55 /* NewBoxItemViewController.swift */; };
		1908C932266A50BB005E6D55 /* NewBoxItemViewModel.swift in Sources */ = {isa = PBXBuildFile; fileRef = 1908C931266A50BB005E6D55 /* NewBoxItemViewModel.swift */; };
		1908C935266A527A005E6D55 /* NewBoxItemWireFrame.swift in Sources */ = {isa = PBXBuildFile; fileRef = 1908C934266A527A005E6D55 /* NewBoxItemWireFrame.swift */; };
		1908C938266A57EC005E6D55 /* NewBoxItemPresenter.swift in Sources */ = {isa = PBXBuildFile; fileRef = 1908C937266A57EC005E6D55 /* NewBoxItemPresenter.swift */; };
		1908C93B266A5816005E6D55 /* NewBoxItemProtocol.swift in Sources */ = {isa = PBXBuildFile; fileRef = 1908C93A266A5816005E6D55 /* NewBoxItemProtocol.swift */; };
		196A0977258E75AF0032F068 /* NewBoxProtocol.swift in Sources */ = {isa = PBXBuildFile; fileRef = 196A0976258E75AF0032F068 /* NewBoxProtocol.swift */; };
		196A097C258E760B0032F068 /* NewBoxWireFrame.swift in Sources */ = {isa = PBXBuildFile; fileRef = 196A097B258E760B0032F068 /* NewBoxWireFrame.swift */; };
		196A0981258E765E0032F068 /* NewBoxViewController.swift in Sources */ = {isa = PBXBuildFile; fileRef = 196A0980258E765E0032F068 /* NewBoxViewController.swift */; };
		196A0990258E9E8D0032F068 /* NewBoxPresenter.swift in Sources */ = {isa = PBXBuildFile; fileRef = 196A098F258E9E8D0032F068 /* NewBoxPresenter.swift */; };
		196A0996258FDE690032F068 /* NewBoxViewModel.swift in Sources */ = {isa = PBXBuildFile; fileRef = 196A0995258FDE690032F068 /* NewBoxViewModel.swift */; };
		19F44CD82593717700D734E6 /* DetailCell.swift in Sources */ = {isa = PBXBuildFile; fileRef = 19F44CD72593717700D734E6 /* DetailCell.swift */; };
		19F44CDE259383C900D734E6 /* NewBoxDataModule.swift in Sources */ = {isa = PBXBuildFile; fileRef = 19F44CDD259383C900D734E6 /* NewBoxDataModule.swift */; };
		19FB6D3228098D3B00A2BACA /* Realm in Frameworks */ = {isa = PBXBuildFile; productRef = 19FB6D3128098D3B00A2BACA /* Realm */; };
		19FB6D3428098D3B00A2BACA /* RealmSwift in Frameworks */ = {isa = PBXBuildFile; productRef = 19FB6D3328098D3B00A2BACA /* RealmSwift */; };
		19FB6D3728098DF500A2BACA /* BoxRML.swift in Sources */ = {isa = PBXBuildFile; fileRef = 19FB6D3628098DF500A2BACA /* BoxRML.swift */; };
		19FB6D3C280990D200A2BACA /* BaseStorageRepository.swift in Sources */ = {isa = PBXBuildFile; fileRef = 19FB6D3B280990D200A2BACA /* BaseStorageRepository.swift */; };
		19FB6D3E2809918400A2BACA /* BoxStorageRepository.swift in Sources */ = {isa = PBXBuildFile; fileRef = 19FB6D3D2809918400A2BACA /* BoxStorageRepository.swift */; };
		19FB6D41280992D600A2BACA /* Trasform+Box.swift in Sources */ = {isa = PBXBuildFile; fileRef = 19FB6D40280992D600A2BACA /* Trasform+Box.swift */; };
		19FB6D432809931B00A2BACA /* Trasform+BoxItem.swift in Sources */ = {isa = PBXBuildFile; fileRef = 19FB6D422809931B00A2BACA /* Trasform+BoxItem.swift */; };
		19FB6D462809945400A2BACA /* Object+Creation.swift in Sources */ = {isa = PBXBuildFile; fileRef = 19FB6D452809945400A2BACA /* Object+Creation.swift */; };
		8460F5AF25742174008DC524 /* AppDelegate.swift in Sources */ = {isa = PBXBuildFile; fileRef = 8460F5AE25742174008DC524 /* AppDelegate.swift */; };
		8460F5B125742174008DC524 /* SceneDelegate.swift in Sources */ = {isa = PBXBuildFile; fileRef = 8460F5B025742174008DC524 /* SceneDelegate.swift */; };
		8460F5B525742184008DC524 /* Assets.xcassets in Resources */ = {isa = PBXBuildFile; fileRef = 8460F5B425742184008DC524 /* Assets.xcassets */; };
		8460F5B825742184008DC524 /* Preview Assets.xcassets in Resources */ = {isa = PBXBuildFile; fileRef = 8460F5B725742184008DC524 /* Preview Assets.xcassets */; };
		8460F5BB25742184008DC524 /* LaunchScreen.storyboard in Resources */ = {isa = PBXBuildFile; fileRef = 8460F5B925742184008DC524 /* LaunchScreen.storyboard */; };
		8460F5C625742185008DC524 /* OrganizerTests.swift in Sources */ = {isa = PBXBuildFile; fileRef = 8460F5C525742185008DC524 /* OrganizerTests.swift */; };
		8460F5D125742185008DC524 /* OrganizerUITests.swift in Sources */ = {isa = PBXBuildFile; fileRef = 8460F5D025742185008DC524 /* OrganizerUITests.swift */; };
		8460F5E425742266008DC524 /* ImageCustom.swift in Sources */ = {isa = PBXBuildFile; fileRef = 8460F5E325742265008DC524 /* ImageCustom.swift */; };
		8460F5EE257422C0008DC524 /* Box.swift in Sources */ = {isa = PBXBuildFile; fileRef = 8460F5ED257422C0008DC524 /* Box.swift */; };
		8460F5F9257422FF008DC524 /* NewBoxView.swift in Sources */ = {isa = PBXBuildFile; fileRef = 8460F5F8257422FF008DC524 /* NewBoxView.swift */; };
		8460F60125742352008DC524 /* BoxItemCell.swift in Sources */ = {isa = PBXBuildFile; fileRef = 8460F60025742352008DC524 /* BoxItemCell.swift */; };
		8460F6092574236B008DC524 /* BoxDetailView.swift in Sources */ = {isa = PBXBuildFile; fileRef = 8460F6082574236B008DC524 /* BoxDetailView.swift */; };
		8460F611257423B6008DC524 /* HomeCell.swift in Sources */ = {isa = PBXBuildFile; fileRef = 8460F610257423B6008DC524 /* HomeCell.swift */; };
		8460F619257423D5008DC524 /* HomeView.swift in Sources */ = {isa = PBXBuildFile; fileRef = 8460F618257423D5008DC524 /* HomeView.swift */; };
		8460F62F25742CFD008DC524 /* HomeProtocol.swift in Sources */ = {isa = PBXBuildFile; fileRef = 8460F62E25742CFD008DC524 /* HomeProtocol.swift */; };
		8460F63725742D41008DC524 /* HomeWireFrame.swift in Sources */ = {isa = PBXBuildFile; fileRef = 8460F63625742D41008DC524 /* HomeWireFrame.swift */; };
		8460F63C25742DCD008DC524 /* HomeViewController.swift in Sources */ = {isa = PBXBuildFile; fileRef = 8460F63B25742DCD008DC524 /* HomeViewController.swift */; };
		8460F641257431ED008DC524 /* HomePresenter.swift in Sources */ = {isa = PBXBuildFile; fileRef = 8460F640257431ED008DC524 /* HomePresenter.swift */; };
		8460F647257434E5008DC524 /* HomeViewModel.swift in Sources */ = {isa = PBXBuildFile; fileRef = 8460F646257434E4008DC524 /* HomeViewModel.swift */; };
		8460F65025743EA4008DC524 /* BoxDetailProtocol.swift in Sources */ = {isa = PBXBuildFile; fileRef = 8460F64F25743EA3008DC524 /* BoxDetailProtocol.swift */; };
		8460F65925743F1D008DC524 /* BoxDetailWireFrame.swift in Sources */ = {isa = PBXBuildFile; fileRef = 8460F65825743F1D008DC524 /* BoxDetailWireFrame.swift */; };
		8460F65E25743F5A008DC524 /* BoxDetailViewController.swift in Sources */ = {isa = PBXBuildFile; fileRef = 8460F65D25743F5A008DC524 /* BoxDetailViewController.swift */; };
		8482F4B025864D9C0022F798 /* BaseDataModel.swift in Sources */ = {isa = PBXBuildFile; fileRef = 8482F4AF25864D9C0022F798 /* BaseDataModel.swift */; };
		8482F50C25878E100022F798 /* HomeDataModule.swift in Sources */ = {isa = PBXBuildFile; fileRef = 8482F50B25878E100022F798 /* HomeDataModule.swift */; };
/* End PBXBuildFile section */

/* Begin PBXContainerItemProxy section */
		8460F5C225742185008DC524 /* PBXContainerItemProxy */ = {
			isa = PBXContainerItemProxy;
			containerPortal = 8460F5A325742173008DC524 /* Project object */;
			proxyType = 1;
			remoteGlobalIDString = 8460F5AA25742174008DC524;
			remoteInfo = Organizer;
		};
		8460F5CD25742185008DC524 /* PBXContainerItemProxy */ = {
			isa = PBXContainerItemProxy;
			containerPortal = 8460F5A325742173008DC524 /* Project object */;
			proxyType = 1;
			remoteGlobalIDString = 8460F5AA25742174008DC524;
			remoteInfo = Organizer;
		};
/* End PBXContainerItemProxy section */

/* Begin PBXFileReference section */
		1908C92B266A4F66005E6D55 /* NewBoxItemView.swift */ = {isa = PBXFileReference; lastKnownFileType = sourcecode.swift; path = NewBoxItemView.swift; sourceTree = "<group>"; };
		1908C92D266A5068005E6D55 /* NewBoxItemViewController.swift */ = {isa = PBXFileReference; lastKnownFileType = sourcecode.swift; path = NewBoxItemViewController.swift; sourceTree = "<group>"; };
		1908C931266A50BB005E6D55 /* NewBoxItemViewModel.swift */ = {isa = PBXFileReference; lastKnownFileType = sourcecode.swift; path = NewBoxItemViewModel.swift; sourceTree = "<group>"; };
		1908C934266A527A005E6D55 /* NewBoxItemWireFrame.swift */ = {isa = PBXFileReference; lastKnownFileType = sourcecode.swift; path = NewBoxItemWireFrame.swift; sourceTree = "<group>"; };
		1908C937266A57EC005E6D55 /* NewBoxItemPresenter.swift */ = {isa = PBXFileReference; lastKnownFileType = sourcecode.swift; path = NewBoxItemPresenter.swift; sourceTree = "<group>"; };
		1908C93A266A5816005E6D55 /* NewBoxItemProtocol.swift */ = {isa = PBXFileReference; lastKnownFileType = sourcecode.swift; path = NewBoxItemProtocol.swift; sourceTree = "<group>"; };
		196A0976258E75AF0032F068 /* NewBoxProtocol.swift */ = {isa = PBXFileReference; lastKnownFileType = sourcecode.swift; path = NewBoxProtocol.swift; sourceTree = "<group>"; };
		196A097B258E760B0032F068 /* NewBoxWireFrame.swift */ = {isa = PBXFileReference; lastKnownFileType = sourcecode.swift; path = NewBoxWireFrame.swift; sourceTree = "<group>"; };
		196A0980258E765E0032F068 /* NewBoxViewController.swift */ = {isa = PBXFileReference; lastKnownFileType = sourcecode.swift; path = NewBoxViewController.swift; sourceTree = "<group>"; };
		196A098F258E9E8D0032F068 /* NewBoxPresenter.swift */ = {isa = PBXFileReference; lastKnownFileType = sourcecode.swift; path = NewBoxPresenter.swift; sourceTree = "<group>"; };
		196A0995258FDE690032F068 /* NewBoxViewModel.swift */ = {isa = PBXFileReference; lastKnownFileType = sourcecode.swift; path = NewBoxViewModel.swift; sourceTree = "<group>"; };
		19F44CD72593717700D734E6 /* DetailCell.swift */ = {isa = PBXFileReference; lastKnownFileType = sourcecode.swift; path = DetailCell.swift; sourceTree = "<group>"; };
		19F44CDD259383C900D734E6 /* NewBoxDataModule.swift */ = {isa = PBXFileReference; lastKnownFileType = sourcecode.swift; path = NewBoxDataModule.swift; sourceTree = "<group>"; };
		19FB6D3628098DF500A2BACA /* BoxRML.swift */ = {isa = PBXFileReference; lastKnownFileType = sourcecode.swift; path = BoxRML.swift; sourceTree = "<group>"; };
		19FB6D3B280990D200A2BACA /* BaseStorageRepository.swift */ = {isa = PBXFileReference; lastKnownFileType = sourcecode.swift; path = BaseStorageRepository.swift; sourceTree = "<group>"; };
		19FB6D3D2809918400A2BACA /* BoxStorageRepository.swift */ = {isa = PBXFileReference; lastKnownFileType = sourcecode.swift; path = BoxStorageRepository.swift; sourceTree = "<group>"; };
		19FB6D40280992D600A2BACA /* Trasform+Box.swift */ = {isa = PBXFileReference; lastKnownFileType = sourcecode.swift; path = "Trasform+Box.swift"; sourceTree = "<group>"; };
		19FB6D422809931B00A2BACA /* Trasform+BoxItem.swift */ = {isa = PBXFileReference; lastKnownFileType = sourcecode.swift; path = "Trasform+BoxItem.swift"; sourceTree = "<group>"; };
		19FB6D452809945400A2BACA /* Object+Creation.swift */ = {isa = PBXFileReference; lastKnownFileType = sourcecode.swift; path = "Object+Creation.swift"; sourceTree = "<group>"; };
		8460F5AB25742174008DC524 /* Organizer.app */ = {isa = PBXFileReference; explicitFileType = wrapper.application; includeInIndex = 0; path = Organizer.app; sourceTree = BUILT_PRODUCTS_DIR; };
		8460F5AE25742174008DC524 /* AppDelegate.swift */ = {isa = PBXFileReference; lastKnownFileType = sourcecode.swift; path = AppDelegate.swift; sourceTree = "<group>"; };
		8460F5B025742174008DC524 /* SceneDelegate.swift */ = {isa = PBXFileReference; lastKnownFileType = sourcecode.swift; path = SceneDelegate.swift; sourceTree = "<group>"; };
		8460F5B425742184008DC524 /* Assets.xcassets */ = {isa = PBXFileReference; lastKnownFileType = folder.assetcatalog; path = Assets.xcassets; sourceTree = "<group>"; };
		8460F5B725742184008DC524 /* Preview Assets.xcassets */ = {isa = PBXFileReference; lastKnownFileType = folder.assetcatalog; path = "Preview Assets.xcassets"; sourceTree = "<group>"; };
		8460F5BA25742184008DC524 /* Base */ = {isa = PBXFileReference; lastKnownFileType = file.storyboard; name = Base; path = Base.lproj/LaunchScreen.storyboard; sourceTree = "<group>"; };
		8460F5BC25742184008DC524 /* Info.plist */ = {isa = PBXFileReference; lastKnownFileType = text.plist.xml; path = Info.plist; sourceTree = "<group>"; };
		8460F5C125742185008DC524 /* OrganizerTests.xctest */ = {isa = PBXFileReference; explicitFileType = wrapper.cfbundle; includeInIndex = 0; path = OrganizerTests.xctest; sourceTree = BUILT_PRODUCTS_DIR; };
		8460F5C525742185008DC524 /* OrganizerTests.swift */ = {isa = PBXFileReference; lastKnownFileType = sourcecode.swift; path = OrganizerTests.swift; sourceTree = "<group>"; };
		8460F5C725742185008DC524 /* Info.plist */ = {isa = PBXFileReference; lastKnownFileType = text.plist.xml; path = Info.plist; sourceTree = "<group>"; };
		8460F5CC25742185008DC524 /* OrganizerUITests.xctest */ = {isa = PBXFileReference; explicitFileType = wrapper.cfbundle; includeInIndex = 0; path = OrganizerUITests.xctest; sourceTree = BUILT_PRODUCTS_DIR; };
		8460F5D025742185008DC524 /* OrganizerUITests.swift */ = {isa = PBXFileReference; lastKnownFileType = sourcecode.swift; path = OrganizerUITests.swift; sourceTree = "<group>"; };
		8460F5D225742185008DC524 /* Info.plist */ = {isa = PBXFileReference; lastKnownFileType = text.plist.xml; path = Info.plist; sourceTree = "<group>"; };
		8460F5E325742265008DC524 /* ImageCustom.swift */ = {isa = PBXFileReference; lastKnownFileType = sourcecode.swift; path = ImageCustom.swift; sourceTree = "<group>"; };
		8460F5ED257422C0008DC524 /* Box.swift */ = {isa = PBXFileReference; lastKnownFileType = sourcecode.swift; path = Box.swift; sourceTree = "<group>"; };
		8460F5F8257422FF008DC524 /* NewBoxView.swift */ = {isa = PBXFileReference; lastKnownFileType = sourcecode.swift; path = NewBoxView.swift; sourceTree = "<group>"; };
		8460F60025742352008DC524 /* BoxItemCell.swift */ = {isa = PBXFileReference; lastKnownFileType = sourcecode.swift; path = BoxItemCell.swift; sourceTree = "<group>"; };
		8460F6082574236B008DC524 /* BoxDetailView.swift */ = {isa = PBXFileReference; lastKnownFileType = sourcecode.swift; path = BoxDetailView.swift; sourceTree = "<group>"; };
		8460F610257423B6008DC524 /* HomeCell.swift */ = {isa = PBXFileReference; lastKnownFileType = sourcecode.swift; path = HomeCell.swift; sourceTree = "<group>"; };
		8460F618257423D5008DC524 /* HomeView.swift */ = {isa = PBXFileReference; lastKnownFileType = sourcecode.swift; path = HomeView.swift; sourceTree = "<group>"; };
		8460F62E25742CFD008DC524 /* HomeProtocol.swift */ = {isa = PBXFileReference; lastKnownFileType = sourcecode.swift; path = HomeProtocol.swift; sourceTree = "<group>"; };
		8460F63625742D41008DC524 /* HomeWireFrame.swift */ = {isa = PBXFileReference; lastKnownFileType = sourcecode.swift; path = HomeWireFrame.swift; sourceTree = "<group>"; };
		8460F63B25742DCD008DC524 /* HomeViewController.swift */ = {isa = PBXFileReference; lastKnownFileType = sourcecode.swift; path = HomeViewController.swift; sourceTree = "<group>"; };
		8460F640257431ED008DC524 /* HomePresenter.swift */ = {isa = PBXFileReference; lastKnownFileType = sourcecode.swift; path = HomePresenter.swift; sourceTree = "<group>"; };
		8460F646257434E4008DC524 /* HomeViewModel.swift */ = {isa = PBXFileReference; lastKnownFileType = sourcecode.swift; path = HomeViewModel.swift; sourceTree = "<group>"; };
		8460F64F25743EA3008DC524 /* BoxDetailProtocol.swift */ = {isa = PBXFileReference; lastKnownFileType = sourcecode.swift; path = BoxDetailProtocol.swift; sourceTree = "<group>"; };
		8460F65825743F1D008DC524 /* BoxDetailWireFrame.swift */ = {isa = PBXFileReference; lastKnownFileType = sourcecode.swift; path = BoxDetailWireFrame.swift; sourceTree = "<group>"; };
		8460F65D25743F5A008DC524 /* BoxDetailViewController.swift */ = {isa = PBXFileReference; lastKnownFileType = sourcecode.swift; path = BoxDetailViewController.swift; sourceTree = "<group>"; };
		8482F4AF25864D9C0022F798 /* BaseDataModel.swift */ = {isa = PBXFileReference; lastKnownFileType = sourcecode.swift; path = BaseDataModel.swift; sourceTree = "<group>"; };
		8482F50B25878E100022F798 /* HomeDataModule.swift */ = {isa = PBXFileReference; lastKnownFileType = sourcecode.swift; path = HomeDataModule.swift; sourceTree = "<group>"; };
/* End PBXFileReference section */

/* Begin PBXFrameworksBuildPhase section */
		8460F5A825742174008DC524 /* Frameworks */ = {
			isa = PBXFrameworksBuildPhase;
			buildActionMask = 2147483647;
			files = (
				19FB6D3428098D3B00A2BACA /* RealmSwift in Frameworks */,
				19FB6D3228098D3B00A2BACA /* Realm in Frameworks */,
			);
			runOnlyForDeploymentPostprocessing = 0;
		};
		8460F5BE25742185008DC524 /* Frameworks */ = {
			isa = PBXFrameworksBuildPhase;
			buildActionMask = 2147483647;
			files = (
			);
			runOnlyForDeploymentPostprocessing = 0;
		};
		8460F5C925742185008DC524 /* Frameworks */ = {
			isa = PBXFrameworksBuildPhase;
			buildActionMask = 2147483647;
			files = (
			);
			runOnlyForDeploymentPostprocessing = 0;
		};
/* End PBXFrameworksBuildPhase section */

/* Begin PBXGroup section */
		1908C92A266A4F4D005E6D55 /* NewBoxItem */ = {
			isa = PBXGroup;
			children = (
				1908C939266A5803005E6D55 /* Protocols */,
				1908C936266A57DC005E6D55 /* Presenter */,
				1908C933266A5250005E6D55 /* WireFrame */,
				1908C930266A509E005E6D55 /* ViewModel */,
				1908C92F266A5095005E6D55 /* View */,
			);
			path = NewBoxItem;
			sourceTree = "<group>";
		};
		1908C92F266A5095005E6D55 /* View */ = {
			isa = PBXGroup;
			children = (
				1908C92B266A4F66005E6D55 /* NewBoxItemView.swift */,
				1908C92D266A5068005E6D55 /* NewBoxItemViewController.swift */,
			);
			path = View;
			sourceTree = "<group>";
		};
		1908C930266A509E005E6D55 /* ViewModel */ = {
			isa = PBXGroup;
			children = (
				1908C931266A50BB005E6D55 /* NewBoxItemViewModel.swift */,
			);
			path = ViewModel;
			sourceTree = "<group>";
		};
		1908C933266A5250005E6D55 /* WireFrame */ = {
			isa = PBXGroup;
			children = (
				1908C934266A527A005E6D55 /* NewBoxItemWireFrame.swift */,
			);
			path = WireFrame;
			sourceTree = "<group>";
		};
		1908C936266A57DC005E6D55 /* Presenter */ = {
			isa = PBXGroup;
			children = (
				1908C937266A57EC005E6D55 /* NewBoxItemPresenter.swift */,
			);
			path = Presenter;
			sourceTree = "<group>";
		};
		1908C939266A5803005E6D55 /* Protocols */ = {
			isa = PBXGroup;
			children = (
				1908C93A266A5816005E6D55 /* NewBoxItemProtocol.swift */,
			);
			path = Protocols;
			sourceTree = "<group>";
		};
		196A0974258E75710032F068 /* WireFrame */ = {
			isa = PBXGroup;
			children = (
				196A097B258E760B0032F068 /* NewBoxWireFrame.swift */,
			);
			path = WireFrame;
			sourceTree = "<group>";
		};
		196A0975258E75910032F068 /* Protocols */ = {
			isa = PBXGroup;
			children = (
				196A0976258E75AF0032F068 /* NewBoxProtocol.swift */,
			);
			path = Protocols;
			sourceTree = "<group>";
		};
		196A098E258E9E130032F068 /* Presenter */ = {
			isa = PBXGroup;
			children = (
				196A098F258E9E8D0032F068 /* NewBoxPresenter.swift */,
			);
			path = Presenter;
			sourceTree = "<group>";
		};
		196A0994258FDE560032F068 /* ViewModel */ = {
			isa = PBXGroup;
			children = (
				196A0995258FDE690032F068 /* NewBoxViewModel.swift */,
			);
			path = ViewModel;
			sourceTree = "<group>";
		};
		19F44CD52593713C00D734E6 /* Commons */ = {
			isa = PBXGroup;
			children = (
				19F44CD62593715700D734E6 /* Cells */,
			);
			path = Commons;
			sourceTree = "<group>";
		};
		19F44CD62593715700D734E6 /* Cells */ = {
			isa = PBXGroup;
			children = (
				19F44CD72593717700D734E6 /* DetailCell.swift */,
			);
			path = Cells;
			sourceTree = "<group>";
		};
		19F44CDC259383A700D734E6 /* DataModule */ = {
			isa = PBXGroup;
			children = (
				19F44CDD259383C900D734E6 /* NewBoxDataModule.swift */,
			);
			path = DataModule;
			sourceTree = "<group>";
		};
		19FB6D38280990A000A2BACA /* RealmCore */ = {
			isa = PBXGroup;
			children = (
				19FB6D442809944300A2BACA /* Extension */,
				19FB6D3F280992B800A2BACA /* Transforms */,
				19FB6D3A280990B400A2BACA /* Resources */,
				19FB6D39280990AD00A2BACA /* Model */,
			);
			path = RealmCore;
			sourceTree = "<group>";
		};
		19FB6D39280990AD00A2BACA /* Model */ = {
			isa = PBXGroup;
			children = (
				19FB6D3628098DF500A2BACA /* BoxRML.swift */,
			);
			path = Model;
			sourceTree = "<group>";
		};
		19FB6D3A280990B400A2BACA /* Resources */ = {
			isa = PBXGroup;
			children = (
				19FB6D3B280990D200A2BACA /* BaseStorageRepository.swift */,
				19FB6D3D2809918400A2BACA /* BoxStorageRepository.swift */,
			);
			path = Resources;
			sourceTree = "<group>";
		};
		19FB6D3F280992B800A2BACA /* Transforms */ = {
			isa = PBXGroup;
			children = (
				19FB6D40280992D600A2BACA /* Trasform+Box.swift */,
				19FB6D422809931B00A2BACA /* Trasform+BoxItem.swift */,
			);
			path = Transforms;
			sourceTree = "<group>";
		};
		19FB6D442809944300A2BACA /* Extension */ = {
			isa = PBXGroup;
			children = (
				19FB6D452809945400A2BACA /* Object+Creation.swift */,
			);
			path = Extension;
			sourceTree = "<group>";
		};
		8460F5A225742173008DC524 = {
			isa = PBXGroup;
			children = (
				8460F5AD25742174008DC524 /* Organizer */,
				8460F5C425742185008DC524 /* OrganizerTests */,
				8460F5CF25742185008DC524 /* OrganizerUITests */,
				8460F5AC25742174008DC524 /* Products */,
			);
			sourceTree = "<group>";
		};
		8460F5AC25742174008DC524 /* Products */ = {
			isa = PBXGroup;
			children = (
				8460F5AB25742174008DC524 /* Organizer.app */,
				8460F5C125742185008DC524 /* OrganizerTests.xctest */,
				8460F5CC25742185008DC524 /* OrganizerUITests.xctest */,
			);
			name = Products;
			sourceTree = "<group>";
		};
		8460F5AD25742174008DC524 /* Organizer */ = {
			isa = PBXGroup;
			children = (
				19F44CD52593713C00D734E6 /* Commons */,
				8482F4AE25864D4F0022F798 /* Networks */,
				8482F48B258649990022F798 /* Application */,
				8460F5F5257422D8008DC524 /* Modules */,
				8460F5EC257422AD008DC524 /* Model */,
				19FB6D38280990A000A2BACA /* RealmCore */,
				8460F5E1257421D9008DC524 /* Util */,
				8460F5EB2574229E008DC524 /* Resources */,
				8460F5B625742184008DC524 /* Preview Content */,
			);
			path = Organizer;
			sourceTree = "<group>";
		};
		8460F5B625742184008DC524 /* Preview Content */ = {
			isa = PBXGroup;
			children = (
				8460F5B725742184008DC524 /* Preview Assets.xcassets */,
			);
			path = "Preview Content";
			sourceTree = "<group>";
		};
		8460F5C425742185008DC524 /* OrganizerTests */ = {
			isa = PBXGroup;
			children = (
				8460F5C525742185008DC524 /* OrganizerTests.swift */,
				8460F5C725742185008DC524 /* Info.plist */,
			);
			path = OrganizerTests;
			sourceTree = "<group>";
		};
		8460F5CF25742185008DC524 /* OrganizerUITests */ = {
			isa = PBXGroup;
			children = (
				8460F5D025742185008DC524 /* OrganizerUITests.swift */,
				8460F5D225742185008DC524 /* Info.plist */,
			);
			path = OrganizerUITests;
			sourceTree = "<group>";
		};
		8460F5E1257421D9008DC524 /* Util */ = {
			isa = PBXGroup;
			children = (
				8460F5E22574221A008DC524 /* Components */,
			);
			path = Util;
			sourceTree = "<group>";
		};
		8460F5E22574221A008DC524 /* Components */ = {
			isa = PBXGroup;
			children = (
				8460F5E325742265008DC524 /* ImageCustom.swift */,
			);
			path = Components;
			sourceTree = "<group>";
		};
		8460F5EB2574229E008DC524 /* Resources */ = {
			isa = PBXGroup;
			children = (
				8460F5B425742184008DC524 /* Assets.xcassets */,
			);
			path = Resources;
			sourceTree = "<group>";
		};
		8460F5EC257422AD008DC524 /* Model */ = {
			isa = PBXGroup;
			children = (
				8460F5ED257422C0008DC524 /* Box.swift */,
			);
			path = Model;
			sourceTree = "<group>";
		};
		8460F5F5257422D8008DC524 /* Modules */ = {
			isa = PBXGroup;
			children = (
				1908C92A266A4F4D005E6D55 /* NewBoxItem */,
				8460F60D25742386008DC524 /* Home */,
				8460F5FD2574231C008DC524 /* BoxDetail */,
				8460F5F6257422E8008DC524 /* NewBox */,
			);
			path = Modules;
			sourceTree = "<group>";
		};
		8460F5F6257422E8008DC524 /* NewBox */ = {
			isa = PBXGroup;
			children = (
				19F44CDC259383A700D734E6 /* DataModule */,
				196A0994258FDE560032F068 /* ViewModel */,
				196A098E258E9E130032F068 /* Presenter */,
				196A0975258E75910032F068 /* Protocols */,
				196A0974258E75710032F068 /* WireFrame */,
				8460F5F7257422EF008DC524 /* View */,
			);
			path = NewBox;
			sourceTree = "<group>";
		};
		8460F5F7257422EF008DC524 /* View */ = {
			isa = PBXGroup;
			children = (
				8460F5F8257422FF008DC524 /* NewBoxView.swift */,
				196A0980258E765E0032F068 /* NewBoxViewController.swift */,
			);
			path = View;
			sourceTree = "<group>";
		};
		8460F5FD2574231C008DC524 /* BoxDetail */ = {
			isa = PBXGroup;
			children = (
				8460F65725743F06008DC524 /* WireFrame */,
				8460F64E25743E8B008DC524 /* Protocol */,
				8460F5FE25742325008DC524 /* View */,
			);
			path = BoxDetail;
			sourceTree = "<group>";
		};
		8460F5FE25742325008DC524 /* View */ = {
			isa = PBXGroup;
			children = (
				8460F5FF25742333008DC524 /* Cell */,
				8460F6082574236B008DC524 /* BoxDetailView.swift */,
				8460F65D25743F5A008DC524 /* BoxDetailViewController.swift */,
			);
			path = View;
			sourceTree = "<group>";
		};
		8460F5FF25742333008DC524 /* Cell */ = {
			isa = PBXGroup;
			children = (
				8460F60025742352008DC524 /* BoxItemCell.swift */,
			);
			path = Cell;
			sourceTree = "<group>";
		};
		8460F60D25742386008DC524 /* Home */ = {
			isa = PBXGroup;
			children = (
				8482F50A25878DC50022F798 /* DataModule */,
				8460F645257434BF008DC524 /* ViewModel */,
				8460F62D25742CBD008DC524 /* Protocol */,
				8460F62C25742CA3008DC524 /* Presenter */,
				8460F62B25742C79008DC524 /* WireFrame */,
				8460F60E25742391008DC524 /* View */,
			);
			path = Home;
			sourceTree = "<group>";
		};
		8460F60E25742391008DC524 /* View */ = {
			isa = PBXGroup;
			children = (
				8460F60F257423A1008DC524 /* Cell */,
				8460F618257423D5008DC524 /* HomeView.swift */,
				8460F63B25742DCD008DC524 /* HomeViewController.swift */,
			);
			path = View;
			sourceTree = "<group>";
		};
		8460F60F257423A1008DC524 /* Cell */ = {
			isa = PBXGroup;
			children = (
				8460F610257423B6008DC524 /* HomeCell.swift */,
			);
			path = Cell;
			sourceTree = "<group>";
		};
		8460F62B25742C79008DC524 /* WireFrame */ = {
			isa = PBXGroup;
			children = (
				8460F63625742D41008DC524 /* HomeWireFrame.swift */,
			);
			path = WireFrame;
			sourceTree = "<group>";
		};
		8460F62C25742CA3008DC524 /* Presenter */ = {
			isa = PBXGroup;
			children = (
				8460F640257431ED008DC524 /* HomePresenter.swift */,
			);
			path = Presenter;
			sourceTree = "<group>";
		};
		8460F62D25742CBD008DC524 /* Protocol */ = {
			isa = PBXGroup;
			children = (
				8460F62E25742CFD008DC524 /* HomeProtocol.swift */,
			);
			path = Protocol;
			sourceTree = "<group>";
		};
		8460F645257434BF008DC524 /* ViewModel */ = {
			isa = PBXGroup;
			children = (
				8460F646257434E4008DC524 /* HomeViewModel.swift */,
			);
			path = ViewModel;
			sourceTree = "<group>";
		};
		8460F64E25743E8B008DC524 /* Protocol */ = {
			isa = PBXGroup;
			children = (
				8460F64F25743EA3008DC524 /* BoxDetailProtocol.swift */,
			);
			path = Protocol;
			sourceTree = "<group>";
		};
		8460F65725743F06008DC524 /* WireFrame */ = {
			isa = PBXGroup;
			children = (
				8460F65825743F1D008DC524 /* BoxDetailWireFrame.swift */,
			);
			path = WireFrame;
			sourceTree = "<group>";
		};
		8482F48B258649990022F798 /* Application */ = {
			isa = PBXGroup;
			children = (
				8460F5AE25742174008DC524 /* AppDelegate.swift */,
				8460F5B025742174008DC524 /* SceneDelegate.swift */,
				8460F5BC25742184008DC524 /* Info.plist */,
				8460F5B925742184008DC524 /* LaunchScreen.storyboard */,
			);
			path = Application;
			sourceTree = "<group>";
		};
		8482F4AE25864D4F0022F798 /* Networks */ = {
			isa = PBXGroup;
			children = (
				8482F4AF25864D9C0022F798 /* BaseDataModel.swift */,
			);
			path = Networks;
			sourceTree = "<group>";
		};
		8482F50A25878DC50022F798 /* DataModule */ = {
			isa = PBXGroup;
			children = (
				8482F50B25878E100022F798 /* HomeDataModule.swift */,
			);
			path = DataModule;
			sourceTree = "<group>";
		};
/* End PBXGroup section */

/* Begin PBXNativeTarget section */
		8460F5AA25742174008DC524 /* Organizer */ = {
			isa = PBXNativeTarget;
			buildConfigurationList = 8460F5D525742185008DC524 /* Build configuration list for PBXNativeTarget "Organizer" */;
			buildPhases = (
				8460F5A725742174008DC524 /* Sources */,
				8460F5A825742174008DC524 /* Frameworks */,
				8460F5A925742174008DC524 /* Resources */,
			);
			buildRules = (
			);
			dependencies = (
			);
			name = Organizer;
			packageProductDependencies = (
				19FB6D3128098D3B00A2BACA /* Realm */,
				19FB6D3328098D3B00A2BACA /* RealmSwift */,
			);
			productName = Organizer;
			productReference = 8460F5AB25742174008DC524 /* Organizer.app */;
			productType = "com.apple.product-type.application";
		};
		8460F5C025742185008DC524 /* OrganizerTests */ = {
			isa = PBXNativeTarget;
			buildConfigurationList = 8460F5D825742185008DC524 /* Build configuration list for PBXNativeTarget "OrganizerTests" */;
			buildPhases = (
				8460F5BD25742185008DC524 /* Sources */,
				8460F5BE25742185008DC524 /* Frameworks */,
				8460F5BF25742185008DC524 /* Resources */,
			);
			buildRules = (
			);
			dependencies = (
				8460F5C325742185008DC524 /* PBXTargetDependency */,
			);
			name = OrganizerTests;
			productName = OrganizerTests;
			productReference = 8460F5C125742185008DC524 /* OrganizerTests.xctest */;
			productType = "com.apple.product-type.bundle.unit-test";
		};
		8460F5CB25742185008DC524 /* OrganizerUITests */ = {
			isa = PBXNativeTarget;
			buildConfigurationList = 8460F5DB25742185008DC524 /* Build configuration list for PBXNativeTarget "OrganizerUITests" */;
			buildPhases = (
				8460F5C825742185008DC524 /* Sources */,
				8460F5C925742185008DC524 /* Frameworks */,
				8460F5CA25742185008DC524 /* Resources */,
			);
			buildRules = (
			);
			dependencies = (
				8460F5CE25742185008DC524 /* PBXTargetDependency */,
			);
			name = OrganizerUITests;
			productName = OrganizerUITests;
			productReference = 8460F5CC25742185008DC524 /* OrganizerUITests.xctest */;
			productType = "com.apple.product-type.bundle.ui-testing";
		};
/* End PBXNativeTarget section */

/* Begin PBXProject section */
		8460F5A325742173008DC524 /* Project object */ = {
			isa = PBXProject;
			attributes = {
				LastSwiftUpdateCheck = 1220;
				LastUpgradeCheck = 1220;
				TargetAttributes = {
					8460F5AA25742174008DC524 = {
						CreatedOnToolsVersion = 12.2;
					};
					8460F5C025742185008DC524 = {
						CreatedOnToolsVersion = 12.2;
						TestTargetID = 8460F5AA25742174008DC524;
					};
					8460F5CB25742185008DC524 = {
						CreatedOnToolsVersion = 12.2;
						TestTargetID = 8460F5AA25742174008DC524;
					};
				};
			};
			buildConfigurationList = 8460F5A625742173008DC524 /* Build configuration list for PBXProject "Organizer" */;
			compatibilityVersion = "Xcode 9.3";
			developmentRegion = en;
			hasScannedForEncodings = 0;
			knownRegions = (
				en,
				Base,
			);
			mainGroup = 8460F5A225742173008DC524;
			packageReferences = (
				19FB6D3028098D3B00A2BACA /* XCRemoteSwiftPackageReference "realm-swift" */,
			);
			productRefGroup = 8460F5AC25742174008DC524 /* Products */;
			projectDirPath = "";
			projectRoot = "";
			targets = (
				8460F5AA25742174008DC524 /* Organizer */,
				8460F5C025742185008DC524 /* OrganizerTests */,
				8460F5CB25742185008DC524 /* OrganizerUITests */,
			);
		};
/* End PBXProject section */

/* Begin PBXResourcesBuildPhase section */
		8460F5A925742174008DC524 /* Resources */ = {
			isa = PBXResourcesBuildPhase;
			buildActionMask = 2147483647;
			files = (
				8460F5BB25742184008DC524 /* LaunchScreen.storyboard in Resources */,
				8460F5B825742184008DC524 /* Preview Assets.xcassets in Resources */,
				8460F5B525742184008DC524 /* Assets.xcassets in Resources */,
			);
			runOnlyForDeploymentPostprocessing = 0;
		};
		8460F5BF25742185008DC524 /* Resources */ = {
			isa = PBXResourcesBuildPhase;
			buildActionMask = 2147483647;
			files = (
			);
			runOnlyForDeploymentPostprocessing = 0;
		};
		8460F5CA25742185008DC524 /* Resources */ = {
			isa = PBXResourcesBuildPhase;
			buildActionMask = 2147483647;
			files = (
			);
			runOnlyForDeploymentPostprocessing = 0;
		};
/* End PBXResourcesBuildPhase section */

/* Begin PBXSourcesBuildPhase section */
		8460F5A725742174008DC524 /* Sources */ = {
			isa = PBXSourcesBuildPhase;
			buildActionMask = 2147483647;
			files = (
				19FB6D432809931B00A2BACA /* Trasform+BoxItem.swift in Sources */,
				8482F50C25878E100022F798 /* HomeDataModule.swift in Sources */,
				8460F65025743EA4008DC524 /* BoxDetailProtocol.swift in Sources */,
				1908C932266A50BB005E6D55 /* NewBoxItemViewModel.swift in Sources */,
				19FB6D3728098DF500A2BACA /* BoxRML.swift in Sources */,
				1908C935266A527A005E6D55 /* NewBoxItemWireFrame.swift in Sources */,
				1908C93B266A5816005E6D55 /* NewBoxItemProtocol.swift in Sources */,
				8460F65925743F1D008DC524 /* BoxDetailWireFrame.swift in Sources */,
				8460F62F25742CFD008DC524 /* HomeProtocol.swift in Sources */,
				19FB6D3E2809918400A2BACA /* BoxStorageRepository.swift in Sources */,
				8460F63725742D41008DC524 /* HomeWireFrame.swift in Sources */,
				196A0981258E765E0032F068 /* NewBoxViewController.swift in Sources */,
				8460F60125742352008DC524 /* BoxItemCell.swift in Sources */,
				8482F4B025864D9C0022F798 /* BaseDataModel.swift in Sources */,
				19F44CDE259383C900D734E6 /* NewBoxDataModule.swift in Sources */,
				8460F5AF25742174008DC524 /* AppDelegate.swift in Sources */,
				196A0977258E75AF0032F068 /* NewBoxProtocol.swift in Sources */,
				8460F5F9257422FF008DC524 /* NewBoxView.swift in Sources */,
				196A097C258E760B0032F068 /* NewBoxWireFrame.swift in Sources */,
				1908C938266A57EC005E6D55 /* NewBoxItemPresenter.swift in Sources */,
				8460F619257423D5008DC524 /* HomeView.swift in Sources */,
				1908C92E266A5068005E6D55 /* NewBoxItemViewController.swift in Sources */,
				19FB6D3C280990D200A2BACA /* BaseStorageRepository.swift in Sources */,
				8460F5B125742174008DC524 /* SceneDelegate.swift in Sources */,
				196A0990258E9E8D0032F068 /* NewBoxPresenter.swift in Sources */,
				19FB6D462809945400A2BACA /* Object+Creation.swift in Sources */,
				8460F641257431ED008DC524 /* HomePresenter.swift in Sources */,
				8460F5E425742266008DC524 /* ImageCustom.swift in Sources */,
				8460F65E25743F5A008DC524 /* BoxDetailViewController.swift in Sources */,
				8460F6092574236B008DC524 /* BoxDetailView.swift in Sources */,
				8460F611257423B6008DC524 /* HomeCell.swift in Sources */,
				196A0996258FDE690032F068 /* NewBoxViewModel.swift in Sources */,
				8460F63C25742DCD008DC524 /* HomeViewController.swift in Sources */,
				1908C92C266A4F66005E6D55 /* NewBoxItemView.swift in Sources */,
				8460F647257434E5008DC524 /* HomeViewModel.swift in Sources */,
				19F44CD82593717700D734E6 /* DetailCell.swift in Sources */,
				8460F5EE257422C0008DC524 /* Box.swift in Sources */,
				19FB6D41280992D600A2BACA /* Trasform+Box.swift in Sources */,
			);
			runOnlyForDeploymentPostprocessing = 0;
		};
		8460F5BD25742185008DC524 /* Sources */ = {
			isa = PBXSourcesBuildPhase;
			buildActionMask = 2147483647;
			files = (
				8460F5C625742185008DC524 /* OrganizerTests.swift in Sources */,
			);
			runOnlyForDeploymentPostprocessing = 0;
		};
		8460F5C825742185008DC524 /* Sources */ = {
			isa = PBXSourcesBuildPhase;
			buildActionMask = 2147483647;
			files = (
				8460F5D125742185008DC524 /* OrganizerUITests.swift in Sources */,
			);
			runOnlyForDeploymentPostprocessing = 0;
		};
/* End PBXSourcesBuildPhase section */

/* Begin PBXTargetDependency section */
		8460F5C325742185008DC524 /* PBXTargetDependency */ = {
			isa = PBXTargetDependency;
			target = 8460F5AA25742174008DC524 /* Organizer */;
			targetProxy = 8460F5C225742185008DC524 /* PBXContainerItemProxy */;
		};
		8460F5CE25742185008DC524 /* PBXTargetDependency */ = {
			isa = PBXTargetDependency;
			target = 8460F5AA25742174008DC524 /* Organizer */;
			targetProxy = 8460F5CD25742185008DC524 /* PBXContainerItemProxy */;
		};
/* End PBXTargetDependency section */

/* Begin PBXVariantGroup section */
		8460F5B925742184008DC524 /* LaunchScreen.storyboard */ = {
			isa = PBXVariantGroup;
			children = (
				8460F5BA25742184008DC524 /* Base */,
			);
			name = LaunchScreen.storyboard;
			sourceTree = "<group>";
		};
/* End PBXVariantGroup section */

/* Begin XCBuildConfiguration section */
		8460F5D325742185008DC524 /* Debug */ = {
			isa = XCBuildConfiguration;
			buildSettings = {
				ALWAYS_SEARCH_USER_PATHS = NO;
				CLANG_ANALYZER_NONNULL = YES;
				CLANG_ANALYZER_NUMBER_OBJECT_CONVERSION = YES_AGGRESSIVE;
				CLANG_CXX_LANGUAGE_STANDARD = "gnu++14";
				CLANG_CXX_LIBRARY = "libc++";
				CLANG_ENABLE_MODULES = YES;
				CLANG_ENABLE_OBJC_ARC = YES;
				CLANG_ENABLE_OBJC_WEAK = YES;
				CLANG_WARN_BLOCK_CAPTURE_AUTORELEASING = YES;
				CLANG_WARN_BOOL_CONVERSION = YES;
				CLANG_WARN_COMMA = YES;
				CLANG_WARN_CONSTANT_CONVERSION = YES;
				CLANG_WARN_DEPRECATED_OBJC_IMPLEMENTATIONS = YES;
				CLANG_WARN_DIRECT_OBJC_ISA_USAGE = YES_ERROR;
				CLANG_WARN_DOCUMENTATION_COMMENTS = YES;
				CLANG_WARN_EMPTY_BODY = YES;
				CLANG_WARN_ENUM_CONVERSION = YES;
				CLANG_WARN_INFINITE_RECURSION = YES;
				CLANG_WARN_INT_CONVERSION = YES;
				CLANG_WARN_NON_LITERAL_NULL_CONVERSION = YES;
				CLANG_WARN_OBJC_IMPLICIT_RETAIN_SELF = YES;
				CLANG_WARN_OBJC_LITERAL_CONVERSION = YES;
				CLANG_WARN_OBJC_ROOT_CLASS = YES_ERROR;
				CLANG_WARN_QUOTED_INCLUDE_IN_FRAMEWORK_HEADER = YES;
				CLANG_WARN_RANGE_LOOP_ANALYSIS = YES;
				CLANG_WARN_STRICT_PROTOTYPES = YES;
				CLANG_WARN_SUSPICIOUS_MOVE = YES;
				CLANG_WARN_UNGUARDED_AVAILABILITY = YES_AGGRESSIVE;
				CLANG_WARN_UNREACHABLE_CODE = YES;
				CLANG_WARN__DUPLICATE_METHOD_MATCH = YES;
				COPY_PHASE_STRIP = NO;
				DEBUG_INFORMATION_FORMAT = dwarf;
				ENABLE_STRICT_OBJC_MSGSEND = YES;
				ENABLE_TESTABILITY = YES;
				GCC_C_LANGUAGE_STANDARD = gnu11;
				GCC_DYNAMIC_NO_PIC = NO;
				GCC_NO_COMMON_BLOCKS = YES;
				GCC_OPTIMIZATION_LEVEL = 0;
				GCC_PREPROCESSOR_DEFINITIONS = (
					"DEBUG=1",
					"$(inherited)",
				);
				GCC_WARN_64_TO_32_BIT_CONVERSION = YES;
				GCC_WARN_ABOUT_RETURN_TYPE = YES_ERROR;
				GCC_WARN_UNDECLARED_SELECTOR = YES;
				GCC_WARN_UNINITIALIZED_AUTOS = YES_AGGRESSIVE;
				GCC_WARN_UNUSED_FUNCTION = YES;
				GCC_WARN_UNUSED_VARIABLE = YES;
				IPHONEOS_DEPLOYMENT_TARGET = 14.2;
				MTL_ENABLE_DEBUG_INFO = INCLUDE_SOURCE;
				MTL_FAST_MATH = YES;
				ONLY_ACTIVE_ARCH = YES;
				SDKROOT = iphoneos;
				SWIFT_ACTIVE_COMPILATION_CONDITIONS = DEBUG;
				SWIFT_OPTIMIZATION_LEVEL = "-Onone";
			};
			name = Debug;
		};
		8460F5D425742185008DC524 /* Release */ = {
			isa = XCBuildConfiguration;
			buildSettings = {
				ALWAYS_SEARCH_USER_PATHS = NO;
				CLANG_ANALYZER_NONNULL = YES;
				CLANG_ANALYZER_NUMBER_OBJECT_CONVERSION = YES_AGGRESSIVE;
				CLANG_CXX_LANGUAGE_STANDARD = "gnu++14";
				CLANG_CXX_LIBRARY = "libc++";
				CLANG_ENABLE_MODULES = YES;
				CLANG_ENABLE_OBJC_ARC = YES;
				CLANG_ENABLE_OBJC_WEAK = YES;
				CLANG_WARN_BLOCK_CAPTURE_AUTORELEASING = YES;
				CLANG_WARN_BOOL_CONVERSION = YES;
				CLANG_WARN_COMMA = YES;
				CLANG_WARN_CONSTANT_CONVERSION = YES;
				CLANG_WARN_DEPRECATED_OBJC_IMPLEMENTATIONS = YES;
				CLANG_WARN_DIRECT_OBJC_ISA_USAGE = YES_ERROR;
				CLANG_WARN_DOCUMENTATION_COMMENTS = YES;
				CLANG_WARN_EMPTY_BODY = YES;
				CLANG_WARN_ENUM_CONVERSION = YES;
				CLANG_WARN_INFINITE_RECURSION = YES;
				CLANG_WARN_INT_CONVERSION = YES;
				CLANG_WARN_NON_LITERAL_NULL_CONVERSION = YES;
				CLANG_WARN_OBJC_IMPLICIT_RETAIN_SELF = YES;
				CLANG_WARN_OBJC_LITERAL_CONVERSION = YES;
				CLANG_WARN_OBJC_ROOT_CLASS = YES_ERROR;
				CLANG_WARN_QUOTED_INCLUDE_IN_FRAMEWORK_HEADER = YES;
				CLANG_WARN_RANGE_LOOP_ANALYSIS = YES;
				CLANG_WARN_STRICT_PROTOTYPES = YES;
				CLANG_WARN_SUSPICIOUS_MOVE = YES;
				CLANG_WARN_UNGUARDED_AVAILABILITY = YES_AGGRESSIVE;
				CLANG_WARN_UNREACHABLE_CODE = YES;
				CLANG_WARN__DUPLICATE_METHOD_MATCH = YES;
				COPY_PHASE_STRIP = NO;
				DEBUG_INFORMATION_FORMAT = "dwarf-with-dsym";
				ENABLE_NS_ASSERTIONS = NO;
				ENABLE_STRICT_OBJC_MSGSEND = YES;
				GCC_C_LANGUAGE_STANDARD = gnu11;
				GCC_NO_COMMON_BLOCKS = YES;
				GCC_WARN_64_TO_32_BIT_CONVERSION = YES;
				GCC_WARN_ABOUT_RETURN_TYPE = YES_ERROR;
				GCC_WARN_UNDECLARED_SELECTOR = YES;
				GCC_WARN_UNINITIALIZED_AUTOS = YES_AGGRESSIVE;
				GCC_WARN_UNUSED_FUNCTION = YES;
				GCC_WARN_UNUSED_VARIABLE = YES;
				IPHONEOS_DEPLOYMENT_TARGET = 14.2;
				MTL_ENABLE_DEBUG_INFO = NO;
				MTL_FAST_MATH = YES;
				SDKROOT = iphoneos;
				SWIFT_COMPILATION_MODE = wholemodule;
				SWIFT_OPTIMIZATION_LEVEL = "-O";
				VALIDATE_PRODUCT = YES;
			};
			name = Release;
		};
		8460F5D625742185008DC524 /* Debug */ = {
			isa = XCBuildConfiguration;
			buildSettings = {
				ASSETCATALOG_COMPILER_APPICON_NAME = AppIcon;
				ASSETCATALOG_COMPILER_GLOBAL_ACCENT_COLOR_NAME = AccentColor;
				CODE_SIGN_STYLE = Automatic;
				DEVELOPMENT_ASSET_PATHS = "\"Organizer/Preview Content\"";
				DEVELOPMENT_TEAM = 7TKVJKXN5X;
				ENABLE_PREVIEWS = YES;
				INFOPLIST_FILE = Organizer/Application/Info.plist;
				IPHONEOS_DEPLOYMENT_TARGET = 14.0;
				LD_RUNPATH_SEARCH_PATHS = (
					"$(inherited)",
					"@executable_path/Frameworks",
				);
				PRODUCT_BUNDLE_IDENTIFIER = com.asfcarvalho.Organizer;
				PRODUCT_NAME = "$(TARGET_NAME)";
				SWIFT_VERSION = 5.0;
				TARGETED_DEVICE_FAMILY = "1,2";
			};
			name = Debug;
		};
		8460F5D725742185008DC524 /* Release */ = {
			isa = XCBuildConfiguration;
			buildSettings = {
				ASSETCATALOG_COMPILER_APPICON_NAME = AppIcon;
				ASSETCATALOG_COMPILER_GLOBAL_ACCENT_COLOR_NAME = AccentColor;
				CODE_SIGN_STYLE = Automatic;
				DEVELOPMENT_ASSET_PATHS = "\"Organizer/Preview Content\"";
				DEVELOPMENT_TEAM = 7TKVJKXN5X;
				ENABLE_PREVIEWS = YES;
				INFOPLIST_FILE = Organizer/Application/Info.plist;
				IPHONEOS_DEPLOYMENT_TARGET = 14.0;
				LD_RUNPATH_SEARCH_PATHS = (
					"$(inherited)",
					"@executable_path/Frameworks",
				);
				PRODUCT_BUNDLE_IDENTIFIER = com.asfcarvalho.Organizer;
				PRODUCT_NAME = "$(TARGET_NAME)";
				SWIFT_VERSION = 5.0;
				TARGETED_DEVICE_FAMILY = "1,2";
			};
			name = Release;
		};
		8460F5D925742185008DC524 /* Debug */ = {
			isa = XCBuildConfiguration;
			buildSettings = {
				ALWAYS_EMBED_SWIFT_STANDARD_LIBRARIES = YES;
				BUNDLE_LOADER = "$(TEST_HOST)";
				CODE_SIGN_STYLE = Automatic;
				DEVELOPMENT_TEAM = 7TKVJKXN5X;
				INFOPLIST_FILE = OrganizerTests/Info.plist;
				IPHONEOS_DEPLOYMENT_TARGET = 14.2;
				LD_RUNPATH_SEARCH_PATHS = (
					"$(inherited)",
					"@executable_path/Frameworks",
					"@loader_path/Frameworks",
				);
				PRODUCT_BUNDLE_IDENTIFIER = com.asfcarvalho.OrganizerTests;
				PRODUCT_NAME = "$(TARGET_NAME)";
				SWIFT_VERSION = 5.0;
				TARGETED_DEVICE_FAMILY = "1,2";
				TEST_HOST = "$(BUILT_PRODUCTS_DIR)/Organizer.app/Organizer";
			};
			name = Debug;
		};
		8460F5DA25742185008DC524 /* Release */ = {
			isa = XCBuildConfiguration;
			buildSettings = {
				ALWAYS_EMBED_SWIFT_STANDARD_LIBRARIES = YES;
				BUNDLE_LOADER = "$(TEST_HOST)";
				CODE_SIGN_STYLE = Automatic;
				DEVELOPMENT_TEAM = 7TKVJKXN5X;
				INFOPLIST_FILE = OrganizerTests/Info.plist;
				IPHONEOS_DEPLOYMENT_TARGET = 14.2;
				LD_RUNPATH_SEARCH_PATHS = (
					"$(inherited)",
					"@executable_path/Frameworks",
					"@loader_path/Frameworks",
				);
				PRODUCT_BUNDLE_IDENTIFIER = com.asfcarvalho.OrganizerTests;
				PRODUCT_NAME = "$(TARGET_NAME)";
				SWIFT_VERSION = 5.0;
				TARGETED_DEVICE_FAMILY = "1,2";
				TEST_HOST = "$(BUILT_PRODUCTS_DIR)/Organizer.app/Organizer";
			};
			name = Release;
		};
		8460F5DC25742185008DC524 /* Debug */ = {
			isa = XCBuildConfiguration;
			buildSettings = {
				ALWAYS_EMBED_SWIFT_STANDARD_LIBRARIES = YES;
				CODE_SIGN_STYLE = Automatic;
				DEVELOPMENT_TEAM = 7TKVJKXN5X;
				INFOPLIST_FILE = OrganizerUITests/Info.plist;
				LD_RUNPATH_SEARCH_PATHS = (
					"$(inherited)",
					"@executable_path/Frameworks",
					"@loader_path/Frameworks",
				);
				PRODUCT_BUNDLE_IDENTIFIER = com.asfcarvalho.OrganizerUITests;
				PRODUCT_NAME = "$(TARGET_NAME)";
				SWIFT_VERSION = 5.0;
				TARGETED_DEVICE_FAMILY = "1,2";
				TEST_TARGET_NAME = Organizer;
			};
			name = Debug;
		};
		8460F5DD25742185008DC524 /* Release */ = {
			isa = XCBuildConfiguration;
			buildSettings = {
				ALWAYS_EMBED_SWIFT_STANDARD_LIBRARIES = YES;
				CODE_SIGN_STYLE = Automatic;
				DEVELOPMENT_TEAM = 7TKVJKXN5X;
				INFOPLIST_FILE = OrganizerUITests/Info.plist;
				LD_RUNPATH_SEARCH_PATHS = (
					"$(inherited)",
					"@executable_path/Frameworks",
					"@loader_path/Frameworks",
				);
				PRODUCT_BUNDLE_IDENTIFIER = com.asfcarvalho.OrganizerUITests;
				PRODUCT_NAME = "$(TARGET_NAME)";
				SWIFT_VERSION = 5.0;
				TARGETED_DEVICE_FAMILY = "1,2";
				TEST_TARGET_NAME = Organizer;
			};
			name = Release;
		};
/* End XCBuildConfiguration section */

/* Begin XCConfigurationList section */
		8460F5A625742173008DC524 /* Build configuration list for PBXProject "Organizer" */ = {
			isa = XCConfigurationList;
			buildConfigurations = (
				8460F5D325742185008DC524 /* Debug */,
				8460F5D425742185008DC524 /* Release */,
			);
			defaultConfigurationIsVisible = 0;
			defaultConfigurationName = Release;
		};
		8460F5D525742185008DC524 /* Build configuration list for PBXNativeTarget "Organizer" */ = {
			isa = XCConfigurationList;
			buildConfigurations = (
				8460F5D625742185008DC524 /* Debug */,
				8460F5D725742185008DC524 /* Release */,
			);
			defaultConfigurationIsVisible = 0;
			defaultConfigurationName = Release;
		};
		8460F5D825742185008DC524 /* Build configuration list for PBXNativeTarget "OrganizerTests" */ = {
			isa = XCConfigurationList;
			buildConfigurations = (
				8460F5D925742185008DC524 /* Debug */,
				8460F5DA25742185008DC524 /* Release */,
			);
			defaultConfigurationIsVisible = 0;
			defaultConfigurationName = Release;
		};
		8460F5DB25742185008DC524 /* Build configuration list for PBXNativeTarget "OrganizerUITests" */ = {
			isa = XCConfigurationList;
			buildConfigurations = (
				8460F5DC25742185008DC524 /* Debug */,
				8460F5DD25742185008DC524 /* Release */,
			);
			defaultConfigurationIsVisible = 0;
			defaultConfigurationName = Release;
		};
/* End XCConfigurationList section */

/* Begin XCRemoteSwiftPackageReference section */
		19FB6D3028098D3B00A2BACA /* XCRemoteSwiftPackageReference "realm-swift" */ = {
			isa = XCRemoteSwiftPackageReference;
			repositoryURL = "https://github.com/realm/realm-swift.git";
			requirement = {
				kind = upToNextMajorVersion;
				minimumVersion = 10.19.0;
			};
		};
/* End XCRemoteSwiftPackageReference section */

/* Begin XCSwiftPackageProductDependency section */
		19FB6D3128098D3B00A2BACA /* Realm */ = {
			isa = XCSwiftPackageProductDependency;
			package = 19FB6D3028098D3B00A2BACA /* XCRemoteSwiftPackageReference "realm-swift" */;
			productName = Realm;
		};
		19FB6D3328098D3B00A2BACA /* RealmSwift */ = {
			isa = XCSwiftPackageProductDependency;
			package = 19FB6D3028098D3B00A2BACA /* XCRemoteSwiftPackageReference "realm-swift" */;
			productName = RealmSwift;
		};
/* End XCSwiftPackageProductDependency section */
	};
	rootObject = 8460F5A325742173008DC524 /* Project object */;
}
